// !$*UTF8*$!
{
	archiveVersion = 1;
	classes = {
	};
	objectVersion = 55;
	objects = {

/* Begin PBXBuildFile section */
		B65B4519282D3657001919B6 /* Tests_iOS.swift in Sources */ = {isa = PBXBuildFile; fileRef = B65B4518282D3657001919B6 /* Tests_iOS.swift */; };
		B65B451B282D3657001919B6 /* Tests_iOSLaunchTests.swift in Sources */ = {isa = PBXBuildFile; fileRef = B65B451A282D3657001919B6 /* Tests_iOSLaunchTests.swift */; };
		B65B4525282D3657001919B6 /* Tests_macOS.swift in Sources */ = {isa = PBXBuildFile; fileRef = B65B4524282D3657001919B6 /* Tests_macOS.swift */; };
		B65B4527282D3657001919B6 /* Tests_macOSLaunchTests.swift in Sources */ = {isa = PBXBuildFile; fileRef = B65B4526282D3657001919B6 /* Tests_macOSLaunchTests.swift */; };
		B65B4528282D3657001919B6 /* MainApp.swift in Sources */ = {isa = PBXBuildFile; fileRef = B65B4500282D3654001919B6 /* MainApp.swift */; };
		B65B4529282D3657001919B6 /* MainApp.swift in Sources */ = {isa = PBXBuildFile; fileRef = B65B4500282D3654001919B6 /* MainApp.swift */; };
		B65B452C282D3657001919B6 /* Assets.xcassets in Resources */ = {isa = PBXBuildFile; fileRef = B65B4502282D3657001919B6 /* Assets.xcassets */; };
		B65B452D282D3657001919B6 /* Assets.xcassets in Resources */ = {isa = PBXBuildFile; fileRef = B65B4502282D3657001919B6 /* Assets.xcassets */; };
		B65B453F2830068A001919B6 /* SearchModel.swift in Sources */ = {isa = PBXBuildFile; fileRef = B65B453E2830068A001919B6 /* SearchModel.swift */; };
		B65B4541283006FC001919B6 /* HomeView.swift in Sources */ = {isa = PBXBuildFile; fileRef = B65B4540283006FC001919B6 /* HomeView.swift */; };
		B65B454628300830001919B6 /* HomeViewModel.swift in Sources */ = {isa = PBXBuildFile; fileRef = B65B454528300830001919B6 /* HomeViewModel.swift */; };
		B65B45482830172D001919B6 /* SearchResultRow.swift in Sources */ = {isa = PBXBuildFile; fileRef = B65B45472830172D001919B6 /* SearchResultRow.swift */; };
		B65B454A28301CDD001919B6 /* SearchResultVM.swift in Sources */ = {isa = PBXBuildFile; fileRef = B65B454928301CDD001919B6 /* SearchResultVM.swift */; };
		B6DE3D702832D271006EAFE5 /* WarningView.swift in Sources */ = {isa = PBXBuildFile; fileRef = B6DE3D6F2832D271006EAFE5 /* WarningView.swift */; };
		B6DE3D722832D2A0006EAFE5 /* NoDataView.swift in Sources */ = {isa = PBXBuildFile; fileRef = B6DE3D712832D2A0006EAFE5 /* NoDataView.swift */; };
/* End PBXBuildFile section */

/* Begin PBXContainerItemProxy section */
		B65B4515282D3657001919B6 /* PBXContainerItemProxy */ = {
			isa = PBXContainerItemProxy;
			containerPortal = B65B44FB282D3654001919B6 /* Project object */;
			proxyType = 1;
			remoteGlobalIDString = B65B4506282D3657001919B6;
			remoteInfo = "teste (iOS)";
		};
		B65B4521282D3657001919B6 /* PBXContainerItemProxy */ = {
			isa = PBXContainerItemProxy;
			containerPortal = B65B44FB282D3654001919B6 /* Project object */;
			proxyType = 1;
			remoteGlobalIDString = B65B450C282D3657001919B6;
			remoteInfo = "teste (macOS)";
		};
/* End PBXContainerItemProxy section */

/* Begin PBXFileReference section */
		B65B4500282D3654001919B6 /* MainApp.swift */ = {isa = PBXFileReference; lastKnownFileType = sourcecode.swift; path = MainApp.swift; sourceTree = "<group>"; };
		B65B4502282D3657001919B6 /* Assets.xcassets */ = {isa = PBXFileReference; lastKnownFileType = folder.assetcatalog; path = Assets.xcassets; sourceTree = "<group>"; };
		B65B4507282D3657001919B6 /* MVVM-SwiftUI.app */ = {isa = PBXFileReference; explicitFileType = wrapper.application; includeInIndex = 0; path = "MVVM-SwiftUI.app"; sourceTree = BUILT_PRODUCTS_DIR; };
		B65B450D282D3657001919B6 /* MVVM-SwiftUI.app */ = {isa = PBXFileReference; explicitFileType = wrapper.application; includeInIndex = 0; path = "MVVM-SwiftUI.app"; sourceTree = BUILT_PRODUCTS_DIR; };
		B65B450F282D3657001919B6 /* macOS.entitlements */ = {isa = PBXFileReference; lastKnownFileType = text.plist.entitlements; path = macOS.entitlements; sourceTree = "<group>"; };
		B65B4514282D3657001919B6 /* Tests iOS.xctest */ = {isa = PBXFileReference; explicitFileType = wrapper.cfbundle; includeInIndex = 0; path = "Tests iOS.xctest"; sourceTree = BUILT_PRODUCTS_DIR; };
		B65B4518282D3657001919B6 /* Tests_iOS.swift */ = {isa = PBXFileReference; lastKnownFileType = sourcecode.swift; path = Tests_iOS.swift; sourceTree = "<group>"; };
		B65B451A282D3657001919B6 /* Tests_iOSLaunchTests.swift */ = {isa = PBXFileReference; lastKnownFileType = sourcecode.swift; path = Tests_iOSLaunchTests.swift; sourceTree = "<group>"; };
		B65B4520282D3657001919B6 /* Tests macOS.xctest */ = {isa = PBXFileReference; explicitFileType = wrapper.cfbundle; includeInIndex = 0; path = "Tests macOS.xctest"; sourceTree = BUILT_PRODUCTS_DIR; };
		B65B4524282D3657001919B6 /* Tests_macOS.swift */ = {isa = PBXFileReference; lastKnownFileType = sourcecode.swift; path = Tests_macOS.swift; sourceTree = "<group>"; };
		B65B4526282D3657001919B6 /* Tests_macOSLaunchTests.swift */ = {isa = PBXFileReference; lastKnownFileType = sourcecode.swift; path = Tests_macOSLaunchTests.swift; sourceTree = "<group>"; };
		B65B453E2830068A001919B6 /* SearchModel.swift */ = {isa = PBXFileReference; lastKnownFileType = sourcecode.swift; path = SearchModel.swift; sourceTree = "<group>"; };
		B65B4540283006FC001919B6 /* HomeView.swift */ = {isa = PBXFileReference; lastKnownFileType = sourcecode.swift; path = HomeView.swift; sourceTree = "<group>"; };
		B65B454528300830001919B6 /* HomeViewModel.swift */ = {isa = PBXFileReference; lastKnownFileType = sourcecode.swift; path = HomeViewModel.swift; sourceTree = "<group>"; };
		B65B45472830172D001919B6 /* SearchResultRow.swift */ = {isa = PBXFileReference; lastKnownFileType = sourcecode.swift; path = SearchResultRow.swift; sourceTree = "<group>"; };
		B65B454928301CDD001919B6 /* SearchResultVM.swift */ = {isa = PBXFileReference; lastKnownFileType = sourcecode.swift; path = SearchResultVM.swift; sourceTree = "<group>"; };
		B6DE3D6F2832D271006EAFE5 /* WarningView.swift */ = {isa = PBXFileReference; lastKnownFileType = sourcecode.swift; path = WarningView.swift; sourceTree = "<group>"; };
		B6DE3D712832D2A0006EAFE5 /* NoDataView.swift */ = {isa = PBXFileReference; lastKnownFileType = sourcecode.swift; path = NoDataView.swift; sourceTree = "<group>"; };
/* End PBXFileReference section */

/* Begin PBXFrameworksBuildPhase section */
		B65B4504282D3657001919B6 /* Frameworks */ = {
			isa = PBXFrameworksBuildPhase;
			buildActionMask = 2147483647;
			files = (
			);
			runOnlyForDeploymentPostprocessing = 0;
		};
		B65B450A282D3657001919B6 /* Frameworks */ = {
			isa = PBXFrameworksBuildPhase;
			buildActionMask = 2147483647;
			files = (
			);
			runOnlyForDeploymentPostprocessing = 0;
		};
		B65B4511282D3657001919B6 /* Frameworks */ = {
			isa = PBXFrameworksBuildPhase;
			buildActionMask = 2147483647;
			files = (
			);
			runOnlyForDeploymentPostprocessing = 0;
		};
		B65B451D282D3657001919B6 /* Frameworks */ = {
			isa = PBXFrameworksBuildPhase;
			buildActionMask = 2147483647;
			files = (
			);
			runOnlyForDeploymentPostprocessing = 0;
		};
/* End PBXFrameworksBuildPhase section */

/* Begin PBXGroup section */
		B65B44FA282D3654001919B6 = {
			isa = PBXGroup;
			children = (
				B65B44FF282D3654001919B6 /* Shared */,
				B65B450E282D3657001919B6 /* macOS */,
				B65B4517282D3657001919B6 /* Tests iOS */,
				B65B4523282D3657001919B6 /* Tests macOS */,
				B65B4508282D3657001919B6 /* Products */,
			);
			sourceTree = "<group>";
		};
		B65B44FF282D3654001919B6 /* Shared */ = {
			isa = PBXGroup;
			children = (
				B65B453C2830065F001919B6 /* Scene */,
				B65B4500282D3654001919B6 /* MainApp.swift */,
				B65B4502282D3657001919B6 /* Assets.xcassets */,
			);
			path = Shared;
			sourceTree = "<group>";
		};
		B65B4508282D3657001919B6 /* Products */ = {
			isa = PBXGroup;
			children = (
				B65B4507282D3657001919B6 /* MVVM-SwiftUI.app */,
				B65B450D282D3657001919B6 /* MVVM-SwiftUI.app */,
				B65B4514282D3657001919B6 /* Tests iOS.xctest */,
				B65B4520282D3657001919B6 /* Tests macOS.xctest */,
			);
			name = Products;
			sourceTree = "<group>";
		};
		B65B450E282D3657001919B6 /* macOS */ = {
			isa = PBXGroup;
			children = (
				B65B450F282D3657001919B6 /* macOS.entitlements */,
			);
			path = macOS;
			sourceTree = "<group>";
		};
		B65B4517282D3657001919B6 /* Tests iOS */ = {
			isa = PBXGroup;
			children = (
				B65B4518282D3657001919B6 /* Tests_iOS.swift */,
				B65B451A282D3657001919B6 /* Tests_iOSLaunchTests.swift */,
			);
			path = "Tests iOS";
			sourceTree = "<group>";
		};
		B65B4523282D3657001919B6 /* Tests macOS */ = {
			isa = PBXGroup;
			children = (
				B65B4524282D3657001919B6 /* Tests_macOS.swift */,
				B65B4526282D3657001919B6 /* Tests_macOSLaunchTests.swift */,
			);
			path = "Tests macOS";
			sourceTree = "<group>";
		};
		B65B453C2830065F001919B6 /* Scene */ = {
			isa = PBXGroup;
			children = (
				B65B454328300789001919B6 /* Home */,
			);
			path = Scene;
			sourceTree = "<group>";
		};
		B65B453D2830066B001919B6 /* Model */ = {
			isa = PBXGroup;
			children = (
				B65B453E2830068A001919B6 /* SearchModel.swift */,
			);
			path = Model;
			sourceTree = "<group>";
		};
		B65B45422830073F001919B6 /* View */ = {
			isa = PBXGroup;
			children = (
				B65B4540283006FC001919B6 /* HomeView.swift */,
				B65B45472830172D001919B6 /* SearchResultRow.swift */,
				B6DE3D6F2832D271006EAFE5 /* WarningView.swift */,
				B6DE3D712832D2A0006EAFE5 /* NoDataView.swift */,
			);
			path = View;
			sourceTree = "<group>";
		};
		B65B454328300789001919B6 /* Home */ = {
			isa = PBXGroup;
			children = (
				B65B454428300796001919B6 /* ViewModel */,
				B65B45422830073F001919B6 /* View */,
				B65B453D2830066B001919B6 /* Model */,
			);
			path = Home;
			sourceTree = "<group>";
		};
		B65B454428300796001919B6 /* ViewModel */ = {
			isa = PBXGroup;
			children = (
				B65B454528300830001919B6 /* HomeViewModel.swift */,
				B65B454928301CDD001919B6 /* SearchResultVM.swift */,
			);
			path = ViewModel;
			sourceTree = "<group>";
		};
/* End PBXGroup section */

/* Begin PBXNativeTarget section */
		B65B4506282D3657001919B6 /* MVVM-SwiftUI (iOS) */ = {
			isa = PBXNativeTarget;
			buildConfigurationList = B65B4530282D3657001919B6 /* Build configuration list for PBXNativeTarget "MVVM-SwiftUI (iOS)" */;
			buildPhases = (
				B65B4503282D3657001919B6 /* Sources */,
				B65B4504282D3657001919B6 /* Frameworks */,
				B65B4505282D3657001919B6 /* Resources */,
			);
			buildRules = (
			);
			dependencies = (
			);
			name = "MVVM-SwiftUI (iOS)";
			productName = "teste (iOS)";
			productReference = B65B4507282D3657001919B6 /* MVVM-SwiftUI.app */;
			productType = "com.apple.product-type.application";
		};
		B65B450C282D3657001919B6 /* MVVM-SwiftUI (macOS) */ = {
			isa = PBXNativeTarget;
			buildConfigurationList = B65B4533282D3657001919B6 /* Build configuration list for PBXNativeTarget "MVVM-SwiftUI (macOS)" */;
			buildPhases = (
				B65B4509282D3657001919B6 /* Sources */,
				B65B450A282D3657001919B6 /* Frameworks */,
				B65B450B282D3657001919B6 /* Resources */,
			);
			buildRules = (
			);
			dependencies = (
			);
			name = "MVVM-SwiftUI (macOS)";
			productName = "teste (macOS)";
			productReference = B65B450D282D3657001919B6 /* MVVM-SwiftUI.app */;
			productType = "com.apple.product-type.application";
		};
		B65B4513282D3657001919B6 /* Tests iOS */ = {
			isa = PBXNativeTarget;
			buildConfigurationList = B65B4536282D3657001919B6 /* Build configuration list for PBXNativeTarget "Tests iOS" */;
			buildPhases = (
				B65B4510282D3657001919B6 /* Sources */,
				B65B4511282D3657001919B6 /* Frameworks */,
				B65B4512282D3657001919B6 /* Resources */,
			);
			buildRules = (
			);
			dependencies = (
				B65B4516282D3657001919B6 /* PBXTargetDependency */,
			);
			name = "Tests iOS";
			productName = "Tests iOS";
			productReference = B65B4514282D3657001919B6 /* Tests iOS.xctest */;
			productType = "com.apple.product-type.bundle.ui-testing";
		};
		B65B451F282D3657001919B6 /* Tests macOS */ = {
			isa = PBXNativeTarget;
			buildConfigurationList = B65B4539282D3657001919B6 /* Build configuration list for PBXNativeTarget "Tests macOS" */;
			buildPhases = (
				B65B451C282D3657001919B6 /* Sources */,
				B65B451D282D3657001919B6 /* Frameworks */,
				B65B451E282D3657001919B6 /* Resources */,
			);
			buildRules = (
			);
			dependencies = (
				B65B4522282D3657001919B6 /* PBXTargetDependency */,
			);
			name = "Tests macOS";
			productName = "Tests macOS";
			productReference = B65B4520282D3657001919B6 /* Tests macOS.xctest */;
			productType = "com.apple.product-type.bundle.ui-testing";
		};
/* End PBXNativeTarget section */

/* Begin PBXProject section */
		B65B44FB282D3654001919B6 /* Project object */ = {
			isa = PBXProject;
			attributes = {
				BuildIndependentTargetsInParallel = 1;
				LastSwiftUpdateCheck = 1330;
				LastUpgradeCheck = 1330;
				TargetAttributes = {
					B65B4506282D3657001919B6 = {
						CreatedOnToolsVersion = 13.3.1;
					};
					B65B450C282D3657001919B6 = {
						CreatedOnToolsVersion = 13.3.1;
					};
					B65B4513282D3657001919B6 = {
						CreatedOnToolsVersion = 13.3.1;
						TestTargetID = B65B4506282D3657001919B6;
					};
					B65B451F282D3657001919B6 = {
						CreatedOnToolsVersion = 13.3.1;
						TestTargetID = B65B450C282D3657001919B6;
					};
				};
			};
			buildConfigurationList = B65B44FE282D3654001919B6 /* Build configuration list for PBXProject "MVVM-SwiftUI" */;
			compatibilityVersion = "Xcode 13.0";
			developmentRegion = en;
			hasScannedForEncodings = 0;
			knownRegions = (
				en,
				Base,
			);
			mainGroup = B65B44FA282D3654001919B6;
			productRefGroup = B65B4508282D3657001919B6 /* Products */;
			projectDirPath = "";
			projectRoot = "";
			targets = (
				B65B4506282D3657001919B6 /* MVVM-SwiftUI (iOS) */,
				B65B450C282D3657001919B6 /* MVVM-SwiftUI (macOS) */,
				B65B4513282D3657001919B6 /* Tests iOS */,
				B65B451F282D3657001919B6 /* Tests macOS */,
			);
		};
/* End PBXProject section */

/* Begin PBXResourcesBuildPhase section */
		B65B4505282D3657001919B6 /* Resources */ = {
			isa = PBXResourcesBuildPhase;
			buildActionMask = 2147483647;
			files = (
				B65B452C282D3657001919B6 /* Assets.xcassets in Resources */,
			);
			runOnlyForDeploymentPostprocessing = 0;
		};
		B65B450B282D3657001919B6 /* Resources */ = {
			isa = PBXResourcesBuildPhase;
			buildActionMask = 2147483647;
			files = (
				B65B452D282D3657001919B6 /* Assets.xcassets in Resources */,
			);
			runOnlyForDeploymentPostprocessing = 0;
		};
		B65B4512282D3657001919B6 /* Resources */ = {
			isa = PBXResourcesBuildPhase;
			buildActionMask = 2147483647;
			files = (
			);
			runOnlyForDeploymentPostprocessing = 0;
		};
		B65B451E282D3657001919B6 /* Resources */ = {
			isa = PBXResourcesBuildPhase;
			buildActionMask = 2147483647;
			files = (
			);
			runOnlyForDeploymentPostprocessing = 0;
		};
/* End PBXResourcesBuildPhase section */

/* Begin PBXSourcesBuildPhase section */
		B65B4503282D3657001919B6 /* Sources */ = {
			isa = PBXSourcesBuildPhase;
			buildActionMask = 2147483647;
			files = (
				B65B453F2830068A001919B6 /* SearchModel.swift in Sources */,
				B65B4541283006FC001919B6 /* HomeView.swift in Sources */,
				B65B454A28301CDD001919B6 /* SearchResultVM.swift in Sources */,
				B65B454628300830001919B6 /* HomeViewModel.swift in Sources */,
				B6DE3D702832D271006EAFE5 /* WarningView.swift in Sources */,
				B65B4528282D3657001919B6 /* MainApp.swift in Sources */,
				B6DE3D722832D2A0006EAFE5 /* NoDataView.swift in Sources */,
				B65B45482830172D001919B6 /* SearchResultRow.swift in Sources */,
			);
			runOnlyForDeploymentPostprocessing = 0;
		};
		B65B4509282D3657001919B6 /* Sources */ = {
			isa = PBXSourcesBuildPhase;
			buildActionMask = 2147483647;
			files = (
				B65B4529282D3657001919B6 /* MainApp.swift in Sources */,
			);
			runOnlyForDeploymentPostprocessing = 0;
		};
		B65B4510282D3657001919B6 /* Sources */ = {
			isa = PBXSourcesBuildPhase;
			buildActionMask = 2147483647;
			files = (
				B65B451B282D3657001919B6 /* Tests_iOSLaunchTests.swift in Sources */,
				B65B4519282D3657001919B6 /* Tests_iOS.swift in Sources */,
			);
			runOnlyForDeploymentPostprocessing = 0;
		};
		B65B451C282D3657001919B6 /* Sources */ = {
			isa = PBXSourcesBuildPhase;
			buildActionMask = 2147483647;
			files = (
				B65B4527282D3657001919B6 /* Tests_macOSLaunchTests.swift in Sources */,
				B65B4525282D3657001919B6 /* Tests_macOS.swift in Sources */,
			);
			runOnlyForDeploymentPostprocessing = 0;
		};
/* End PBXSourcesBuildPhase section */

/* Begin PBXTargetDependency section */
		B65B4516282D3657001919B6 /* PBXTargetDependency */ = {
			isa = PBXTargetDependency;
			target = B65B4506282D3657001919B6 /* MVVM-SwiftUI (iOS) */;
			targetProxy = B65B4515282D3657001919B6 /* PBXContainerItemProxy */;
		};
		B65B4522282D3657001919B6 /* PBXTargetDependency */ = {
			isa = PBXTargetDependency;
			target = B65B450C282D3657001919B6 /* MVVM-SwiftUI (macOS) */;
			targetProxy = B65B4521282D3657001919B6 /* PBXContainerItemProxy */;
		};
/* End PBXTargetDependency section */

/* Begin XCBuildConfiguration section */
		B65B452E282D3657001919B6 /* Debug */ = {
			isa = XCBuildConfiguration;
			buildSettings = {
				ALWAYS_SEARCH_USER_PATHS = NO;
				CLANG_ANALYZER_NONNULL = YES;
				CLANG_ANALYZER_NUMBER_OBJECT_CONVERSION = YES_AGGRESSIVE;
				CLANG_CXX_LANGUAGE_STANDARD = "gnu++17";
				CLANG_ENABLE_MODULES = YES;
				CLANG_ENABLE_OBJC_ARC = YES;
				CLANG_ENABLE_OBJC_WEAK = YES;
				CLANG_WARN_BLOCK_CAPTURE_AUTORELEASING = YES;
				CLANG_WARN_BOOL_CONVERSION = YES;
				CLANG_WARN_COMMA = YES;
				CLANG_WARN_CONSTANT_CONVERSION = YES;
				CLANG_WARN_DEPRECATED_OBJC_IMPLEMENTATIONS = YES;
				CLANG_WARN_DIRECT_OBJC_ISA_USAGE = YES_ERROR;
				CLANG_WARN_DOCUMENTATION_COMMENTS = YES;
				CLANG_WARN_EMPTY_BODY = YES;
				CLANG_WARN_ENUM_CONVERSION = YES;
				CLANG_WARN_INFINITE_RECURSION = YES;
				CLANG_WARN_INT_CONVERSION = YES;
				CLANG_WARN_NON_LITERAL_NULL_CONVERSION = YES;
				CLANG_WARN_OBJC_IMPLICIT_RETAIN_SELF = YES;
				CLANG_WARN_OBJC_LITERAL_CONVERSION = YES;
				CLANG_WARN_OBJC_ROOT_CLASS = YES_ERROR;
				CLANG_WARN_QUOTED_INCLUDE_IN_FRAMEWORK_HEADER = YES;
				CLANG_WARN_RANGE_LOOP_ANALYSIS = YES;
				CLANG_WARN_STRICT_PROTOTYPES = YES;
				CLANG_WARN_SUSPICIOUS_MOVE = YES;
				CLANG_WARN_UNGUARDED_AVAILABILITY = YES_AGGRESSIVE;
				CLANG_WARN_UNREACHABLE_CODE = YES;
				CLANG_WARN__DUPLICATE_METHOD_MATCH = YES;
				COPY_PHASE_STRIP = NO;
				DEBUG_INFORMATION_FORMAT = dwarf;
				ENABLE_STRICT_OBJC_MSGSEND = YES;
				ENABLE_TESTABILITY = YES;
				GCC_C_LANGUAGE_STANDARD = gnu11;
				GCC_DYNAMIC_NO_PIC = NO;
				GCC_NO_COMMON_BLOCKS = YES;
				GCC_OPTIMIZATION_LEVEL = 0;
				GCC_PREPROCESSOR_DEFINITIONS = (
					"DEBUG=1",
					"$(inherited)",
				);
				GCC_WARN_64_TO_32_BIT_CONVERSION = YES;
				GCC_WARN_ABOUT_RETURN_TYPE = YES_ERROR;
				GCC_WARN_UNDECLARED_SELECTOR = YES;
				GCC_WARN_UNINITIALIZED_AUTOS = YES_AGGRESSIVE;
				GCC_WARN_UNUSED_FUNCTION = YES;
				GCC_WARN_UNUSED_VARIABLE = YES;
				MTL_ENABLE_DEBUG_INFO = INCLUDE_SOURCE;
				MTL_FAST_MATH = YES;
				ONLY_ACTIVE_ARCH = YES;
				SWIFT_ACTIVE_COMPILATION_CONDITIONS = DEBUG;
				SWIFT_OPTIMIZATION_LEVEL = "-Onone";
			};
			name = Debug;
		};
		B65B452F282D3657001919B6 /* Release */ = {
			isa = XCBuildConfiguration;
			buildSettings = {
				ALWAYS_SEARCH_USER_PATHS = NO;
				CLANG_ANALYZER_NONNULL = YES;
				CLANG_ANALYZER_NUMBER_OBJECT_CONVERSION = YES_AGGRESSIVE;
				CLANG_CXX_LANGUAGE_STANDARD = "gnu++17";
				CLANG_ENABLE_MODULES = YES;
				CLANG_ENABLE_OBJC_ARC = YES;
				CLANG_ENABLE_OBJC_WEAK = YES;
				CLANG_WARN_BLOCK_CAPTURE_AUTORELEASING = YES;
				CLANG_WARN_BOOL_CONVERSION = YES;
				CLANG_WARN_COMMA = YES;
				CLANG_WARN_CONSTANT_CONVERSION = YES;
				CLANG_WARN_DEPRECATED_OBJC_IMPLEMENTATIONS = YES;
				CLANG_WARN_DIRECT_OBJC_ISA_USAGE = YES_ERROR;
				CLANG_WARN_DOCUMENTATION_COMMENTS = YES;
				CLANG_WARN_EMPTY_BODY = YES;
				CLANG_WARN_ENUM_CONVERSION = YES;
				CLANG_WARN_INFINITE_RECURSION = YES;
				CLANG_WARN_INT_CONVERSION = YES;
				CLANG_WARN_NON_LITERAL_NULL_CONVERSION = YES;
				CLANG_WARN_OBJC_IMPLICIT_RETAIN_SELF = YES;
				CLANG_WARN_OBJC_LITERAL_CONVERSION = YES;
				CLANG_WARN_OBJC_ROOT_CLASS = YES_ERROR;
				CLANG_WARN_QUOTED_INCLUDE_IN_FRAMEWORK_HEADER = YES;
				CLANG_WARN_RANGE_LOOP_ANALYSIS = YES;
				CLANG_WARN_STRICT_PROTOTYPES = YES;
				CLANG_WARN_SUSPICIOUS_MOVE = YES;
				CLANG_WARN_UNGUARDED_AVAILABILITY = YES_AGGRESSIVE;
				CLANG_WARN_UNREACHABLE_CODE = YES;
				CLANG_WARN__DUPLICATE_METHOD_MATCH = YES;
				COPY_PHASE_STRIP = NO;
				DEBUG_INFORMATION_FORMAT = "dwarf-with-dsym";
				ENABLE_NS_ASSERTIONS = NO;
				ENABLE_STRICT_OBJC_MSGSEND = YES;
				GCC_C_LANGUAGE_STANDARD = gnu11;
				GCC_NO_COMMON_BLOCKS = YES;
				GCC_WARN_64_TO_32_BIT_CONVERSION = YES;
				GCC_WARN_ABOUT_RETURN_TYPE = YES_ERROR;
				GCC_WARN_UNDECLARED_SELECTOR = YES;
				GCC_WARN_UNINITIALIZED_AUTOS = YES_AGGRESSIVE;
				GCC_WARN_UNUSED_FUNCTION = YES;
				GCC_WARN_UNUSED_VARIABLE = YES;
				MTL_ENABLE_DEBUG_INFO = NO;
				MTL_FAST_MATH = YES;
				SWIFT_COMPILATION_MODE = wholemodule;
				SWIFT_OPTIMIZATION_LEVEL = "-O";
			};
			name = Release;
		};
		B65B4531282D3657001919B6 /* Debug */ = {
			isa = XCBuildConfiguration;
			buildSettings = {
				ASSETCATALOG_COMPILER_APPICON_NAME = AppIcon;
				ASSETCATALOG_COMPILER_GLOBAL_ACCENT_COLOR_NAME = AccentColor;
				CODE_SIGN_STYLE = Automatic;
				CURRENT_PROJECT_VERSION = 1;
				ENABLE_PREVIEWS = YES;
				GENERATE_INFOPLIST_FILE = YES;
				INFOPLIST_KEY_UIApplicationSceneManifest_Generation = YES;
				INFOPLIST_KEY_UIApplicationSupportsIndirectInputEvents = YES;
				INFOPLIST_KEY_UILaunchScreen_Generation = YES;
				INFOPLIST_KEY_UISupportedInterfaceOrientations_iPad = "UIInterfaceOrientationPortrait UIInterfaceOrientationPortraitUpsideDown UIInterfaceOrientationLandscapeLeft UIInterfaceOrientationLandscapeRight";
				INFOPLIST_KEY_UISupportedInterfaceOrientations_iPhone = "UIInterfaceOrientationPortrait UIInterfaceOrientationLandscapeLeft UIInterfaceOrientationLandscapeRight";
				IPHONEOS_DEPLOYMENT_TARGET = 15.4;
				LD_RUNPATH_SEARCH_PATHS = (
					"$(inherited)",
					"@executable_path/Frameworks",
				);
				MARKETING_VERSION = 1.0;
				PRODUCT_BUNDLE_IDENTIFIER = com.teste.rafael.teste;
				PRODUCT_NAME = "MVVM-SwiftUI";
				SDKROOT = iphoneos;
				SWIFT_EMIT_LOC_STRINGS = YES;
				SWIFT_VERSION = 5.0;
				TARGETED_DEVICE_FAMILY = "1,2";
			};
			name = Debug;
		};
		B65B4532282D3657001919B6 /* Release */ = {
			isa = XCBuildConfiguration;
			buildSettings = {
				ASSETCATALOG_COMPILER_APPICON_NAME = AppIcon;
				ASSETCATALOG_COMPILER_GLOBAL_ACCENT_COLOR_NAME = AccentColor;
				CODE_SIGN_STYLE = Automatic;
				CURRENT_PROJECT_VERSION = 1;
				ENABLE_PREVIEWS = YES;
				GENERATE_INFOPLIST_FILE = YES;
				INFOPLIST_KEY_UIApplicationSceneManifest_Generation = YES;
				INFOPLIST_KEY_UIApplicationSupportsIndirectInputEvents = YES;
				INFOPLIST_KEY_UILaunchScreen_Generation = YES;
				INFOPLIST_KEY_UISupportedInterfaceOrientations_iPad = "UIInterfaceOrientationPortrait UIInterfaceOrientationPortraitUpsideDown UIInterfaceOrientationLandscapeLeft UIInterfaceOrientationLandscapeRight";
				INFOPLIST_KEY_UISupportedInterfaceOrientations_iPhone = "UIInterfaceOrientationPortrait UIInterfaceOrientationLandscapeLeft UIInterfaceOrientationLandscapeRight";
				IPHONEOS_DEPLOYMENT_TARGET = 15.4;
				LD_RUNPATH_SEARCH_PATHS = (
					"$(inherited)",
					"@executable_path/Frameworks",
				);
				MARKETING_VERSION = 1.0;
				PRODUCT_BUNDLE_IDENTIFIER = com.teste.rafael.teste;
				PRODUCT_NAME = "MVVM-SwiftUI";
				SDKROOT = iphoneos;
				SWIFT_EMIT_LOC_STRINGS = YES;
				SWIFT_VERSION = 5.0;
				TARGETED_DEVICE_FAMILY = "1,2";
				VALIDATE_PRODUCT = YES;
			};
			name = Release;
		};
		B65B4534282D3657001919B6 /* Debug */ = {
			isa = XCBuildConfiguration;
			buildSettings = {
				ASSETCATALOG_COMPILER_APPICON_NAME = AppIcon;
				ASSETCATALOG_COMPILER_GLOBAL_ACCENT_COLOR_NAME = AccentColor;
				CODE_SIGN_ENTITLEMENTS = macOS/macOS.entitlements;
				CODE_SIGN_STYLE = Automatic;
				COMBINE_HIDPI_IMAGES = YES;
				CURRENT_PROJECT_VERSION = 1;
				ENABLE_PREVIEWS = YES;
				GENERATE_INFOPLIST_FILE = YES;
				INFOPLIST_KEY_NSHumanReadableCopyright = "";
				LD_RUNPATH_SEARCH_PATHS = (
					"$(inherited)",
					"@executable_path/../Frameworks",
				);
				MACOSX_DEPLOYMENT_TARGET = 12.2;
				MARKETING_VERSION = 1.0;
				PRODUCT_BUNDLE_IDENTIFIER = com.teste.rafael.teste;
				PRODUCT_NAME = "MVVM-SwiftUI";
				SDKROOT = macosx;
				SWIFT_EMIT_LOC_STRINGS = YES;
				SWIFT_VERSION = 5.0;
			};
			name = Debug;
		};
		B65B4535282D3657001919B6 /* Release */ = {
			isa = XCBuildConfiguration;
			buildSettings = {
				ASSETCATALOG_COMPILER_APPICON_NAME = AppIcon;
				ASSETCATALOG_COMPILER_GLOBAL_ACCENT_COLOR_NAME = AccentColor;
				CODE_SIGN_ENTITLEMENTS = macOS/macOS.entitlements;
				CODE_SIGN_STYLE = Automatic;
				COMBINE_HIDPI_IMAGES = YES;
				CURRENT_PROJECT_VERSION = 1;
				ENABLE_PREVIEWS = YES;
				GENERATE_INFOPLIST_FILE = YES;
				INFOPLIST_KEY_NSHumanReadableCopyright = "";
				LD_RUNPATH_SEARCH_PATHS = (
					"$(inherited)",
					"@executable_path/../Frameworks",
				);
				MACOSX_DEPLOYMENT_TARGET = 12.2;
				MARKETING_VERSION = 1.0;
				PRODUCT_BUNDLE_IDENTIFIER = com.teste.rafael.teste;
				PRODUCT_NAME = "MVVM-SwiftUI";
				SDKROOT = macosx;
				SWIFT_EMIT_LOC_STRINGS = YES;
				SWIFT_VERSION = 5.0;
			};
			name = Release;
		};
		B65B4537282D3657001919B6 /* Debug */ = {
			isa = XCBuildConfiguration;
			buildSettings = {
				ALWAYS_EMBED_SWIFT_STANDARD_LIBRARIES = YES;
				CODE_SIGN_STYLE = Automatic;
				CURRENT_PROJECT_VERSION = 1;
				GENERATE_INFOPLIST_FILE = YES;
				IPHONEOS_DEPLOYMENT_TARGET = 15.4;
				MARKETING_VERSION = 1.0;
				PRODUCT_BUNDLE_IDENTIFIER = "com.teste.rafael.Tests-iOS";
				PRODUCT_NAME = "$(TARGET_NAME)";
				SDKROOT = iphoneos;
				SWIFT_EMIT_LOC_STRINGS = NO;
				SWIFT_VERSION = 5.0;
				TARGETED_DEVICE_FAMILY = "1,2";
				TEST_TARGET_NAME = "teste (iOS)";
			};
			name = Debug;
		};
		B65B4538282D3657001919B6 /* Release */ = {
			isa = XCBuildConfiguration;
			buildSettings = {
				ALWAYS_EMBED_SWIFT_STANDARD_LIBRARIES = YES;
				CODE_SIGN_STYLE = Automatic;
				CURRENT_PROJECT_VERSION = 1;
				GENERATE_INFOPLIST_FILE = YES;
				IPHONEOS_DEPLOYMENT_TARGET = 15.4;
				MARKETING_VERSION = 1.0;
				PRODUCT_BUNDLE_IDENTIFIER = "com.teste.rafael.Tests-iOS";
				PRODUCT_NAME = "$(TARGET_NAME)";
				SDKROOT = iphoneos;
				SWIFT_EMIT_LOC_STRINGS = NO;
				SWIFT_VERSION = 5.0;
				TARGETED_DEVICE_FAMILY = "1,2";
				TEST_TARGET_NAME = "teste (iOS)";
				VALIDATE_PRODUCT = YES;
			};
			name = Release;
		};
		B65B453A282D3657001919B6 /* Debug */ = {
			isa = XCBuildConfiguration;
			buildSettings = {
				ALWAYS_EMBED_SWIFT_STANDARD_LIBRARIES = YES;
				CODE_SIGN_STYLE = Automatic;
				CURRENT_PROJECT_VERSION = 1;
				GENERATE_INFOPLIST_FILE = YES;
				MACOSX_DEPLOYMENT_TARGET = 12.2;
				MARKETING_VERSION = 1.0;
				PRODUCT_BUNDLE_IDENTIFIER = "com.teste.rafael.Tests-macOS";
				PRODUCT_NAME = "$(TARGET_NAME)";
				SDKROOT = macosx;
				SWIFT_EMIT_LOC_STRINGS = NO;
				SWIFT_VERSION = 5.0;
				TEST_TARGET_NAME = "teste (macOS)";
			};
			name = Debug;
		};
		B65B453B282D3657001919B6 /* Release */ = {
			isa = XCBuildConfiguration;
			buildSettings = {
				ALWAYS_EMBED_SWIFT_STANDARD_LIBRARIES = YES;
				CODE_SIGN_STYLE = Automatic;
				CURRENT_PROJECT_VERSION = 1;
				GENERATE_INFOPLIST_FILE = YES;
				MACOSX_DEPLOYMENT_TARGET = 12.2;
				MARKETING_VERSION = 1.0;
				PRODUCT_BUNDLE_IDENTIFIER = "com.teste.rafael.Tests-macOS";
				PRODUCT_NAME = "$(TARGET_NAME)";
				SDKROOT = macosx;
				SWIFT_EMIT_LOC_STRINGS = NO;
				SWIFT_VERSION = 5.0;
				TEST_TARGET_NAME = "teste (macOS)";
			};
			name = Release;
		};
/* End XCBuildConfiguration section */

/* Begin XCConfigurationList section */
		B65B44FE282D3654001919B6 /* Build configuration list for PBXProject "MVVM-SwiftUI" */ = {
			isa = XCConfigurationList;
			buildConfigurations = (
				B65B452E282D3657001919B6 /* Debug */,
				B65B452F282D3657001919B6 /* Release */,
			);
			defaultConfigurationIsVisible = 0;
			defaultConfigurationName = Release;
		};
		B65B4530282D3657001919B6 /* Build configuration list for PBXNativeTarget "MVVM-SwiftUI (iOS)" */ = {
			isa = XCConfigurationList;
			buildConfigurations = (
				B65B4531282D3657001919B6 /* Debug */,
				B65B4532282D3657001919B6 /* Release */,
			);
			defaultConfigurationIsVisible = 0;
			defaultConfigurationName = Release;
		};
		B65B4533282D3657001919B6 /* Build configuration list for PBXNativeTarget "MVVM-SwiftUI (macOS)" */ = {
			isa = XCConfigurationList;
			buildConfigurations = (
				B65B4534282D3657001919B6 /* Debug */,
				B65B4535282D3657001919B6 /* Release */,
			);
			defaultConfigurationIsVisible = 0;
			defaultConfigurationName = Release;
		};
		B65B4536282D3657001919B6 /* Build configuration list for PBXNativeTarget "Tests iOS" */ = {
			isa = XCConfigurationList;
			buildConfigurations = (
				B65B4537282D3657001919B6 /* Debug */,
				B65B4538282D3657001919B6 /* Release */,
			);
			defaultConfigurationIsVisible = 0;
			defaultConfigurationName = Release;
		};
		B65B4539282D3657001919B6 /* Build configuration list for PBXNativeTarget "Tests macOS" */ = {
			isa = XCConfigurationList;
			buildConfigurations = (
				B65B453A282D3657001919B6 /* Debug */,
				B65B453B282D3657001919B6 /* Release */,
			);
			defaultConfigurationIsVisible = 0;
			defaultConfigurationName = Release;
		};
/* End XCConfigurationList section */
	};
	rootObject = B65B44FB282D3654001919B6 /* Project object */;
}
